
Microsoft Visual Studio Solution File, Format Version 12.00
# Visual Studio Version 17
VisualStudioVersion = 17.9.34616.47
MinimumVisualStudioVersion = 10.0.40219.1
Project("{FAE04EC0-301F-11D3-BF4B-00C04F79EFBC}") = "AlonzoCSS_MasterPage", "AlonzoCSS_MasterPage\AlonzoCSS_MasterPage.csproj", "{80F81800-7EDE-4D40-8449-3F023B474EF9}"
EndProject
Project("{FAE04EC0-301F-11D3-BF4B-00C04F79EFBC}") = "DataHelper", "DataHelper\DataHelper.csproj", "{5DEFC730-A074-425E-BFE2-88B4302D21FE}"
EndProject
Global
	GlobalSection(SolutionConfigurationPlatforms) = preSolution
		Debug|Any CPU = Debug|Any CPU
		Release|Any CPU = Release|Any CPU
	EndGlobalSection
	GlobalSection(ProjectConfigurationPlatforms) = postSolution
		{80F81800-7EDE-4D40-8449-3F023B474EF9}.Debug|Any CPU.ActiveCfg = Debug|Any CPU
		{80F81800-7EDE-4D40-8449-3F023B474EF9}.Debug|Any CPU.Build.0 = Debug|Any CPU
		{80F81800-7EDE-4D40-8449-3F023B474EF9}.Release|Any CPU.ActiveCfg = Release|Any CPU
		{80F81800-7EDE-4D40-8449-3F023B474EF9}.Release|Any CPU.Build.0 = Release|Any CPU
		{5DEFC730-A074-425E-BFE2-88B4302D21FE}.Debug|Any CPU.ActiveCfg = Debug|Any CPU
		{5DEFC730-A074-425E-BFE2-88B4302D21FE}.Debug|Any CPU.Build.0 = Debug|Any CPU
		{5DEFC730-A074-425E-BFE2-88B4302D21FE}.Release|Any CPU.ActiveCfg = Release|Any CPU
		{5DEFC730-A074-425E-BFE2-88B4302D21FE}.Release|Any CPU.Build.0 = Release|Any CPU
	EndGlobalSection
	GlobalSection(SolutionProperties) = preSolution
		HideSolutionNode = FALSE
	EndGlobalSection
	GlobalSection(ExtensibilityGlobals) = postSolution
		SolutionGuid = {4C9B5DA7-CB00-4523-8825-20755D4562FF}
	EndGlobalSection
EndGlobal
