
Microsoft Visual Studio Solution File, Format Version 12.00
# Visual Studio Version 17
VisualStudioVersion = 17.8.34408.163
MinimumVisualStudioVersion = 10.0.40219.1
Project("{FAE04EC0-301F-11D3-BF4B-00C04F79EFBC}") = "Alonzo_MasterPage", "Alonzo_MasterPage.csproj", "{F339B6E8-1EBF-4E85-830D-B43DB7672821}"
EndProject
Project("{FAE04EC0-301F-11D3-BF4B-00C04F79EFBC}") = "DataHelperArL", "..\DataHelperArL\DataHelperArL.csproj", "{1B98ABF9-41DD-4ECC-94C2-77BB9CB9ACCD}"
EndProject
Global
	GlobalSection(SolutionConfigurationPlatforms) = preSolution
		Debug|Any CPU = Debug|Any CPU
		Release|Any CPU = Release|Any CPU
	EndGlobalSection
	GlobalSection(ProjectConfigurationPlatforms) = postSolution
		{F339B6E8-1EBF-4E85-830D-B43DB7672821}.Debug|Any CPU.ActiveCfg = Debug|Any CPU
		{F339B6E8-1EBF-4E85-830D-B43DB7672821}.Debug|Any CPU.Build.0 = Debug|Any CPU
		{F339B6E8-1EBF-4E85-830D-B43DB7672821}.Release|Any CPU.ActiveCfg = Release|Any CPU
		{F339B6E8-1EBF-4E85-830D-B43DB7672821}.Release|Any CPU.Build.0 = Release|Any CPU
		{1B98ABF9-41DD-4ECC-94C2-77BB9CB9ACCD}.Debug|Any CPU.ActiveCfg = Debug|Any CPU
		{1B98ABF9-41DD-4ECC-94C2-77BB9CB9ACCD}.Debug|Any CPU.Build.0 = Debug|Any CPU
		{1B98ABF9-41DD-4ECC-94C2-77BB9CB9ACCD}.Release|Any CPU.ActiveCfg = Release|Any CPU
		{1B98ABF9-41DD-4ECC-94C2-77BB9CB9ACCD}.Release|Any CPU.Build.0 = Release|Any CPU
	EndGlobalSection
	GlobalSection(SolutionProperties) = preSolution
		HideSolutionNode = FALSE
	EndGlobalSection
	GlobalSection(ExtensibilityGlobals) = postSolution
		SolutionGuid = {4CBEAD52-BCAE-456A-A5CB-80ADF0E24A18}
	EndGlobalSection
EndGlobal
