
Microsoft Visual Studio Solution File, Format Version 12.00
# Visual Studio Version 17
VisualStudioVersion = 17.8.34525.116
MinimumVisualStudioVersion = 10.0.40219.1
Project("{FAE04EC0-301F-11D3-BF4B-00C04F79EFBC}") = "Alonzo_ASP1", "Alonzo_ASP1\Alonzo_ASP1.csproj", "{DD033782-86BF-4F37-8607-2662D87EEC99}"
EndProject
Global
	GlobalSection(SolutionConfigurationPlatforms) = preSolution
		Debug|Any CPU = Debug|Any CPU
		Release|Any CPU = Release|Any CPU
	EndGlobalSection
	GlobalSection(ProjectConfigurationPlatforms) = postSolution
		{DD033782-86BF-4F37-8607-2662D87EEC99}.Debug|Any CPU.ActiveCfg = Debug|Any CPU
		{DD033782-86BF-4F37-8607-2662D87EEC99}.Debug|Any CPU.Build.0 = Debug|Any CPU
		{DD033782-86BF-4F37-8607-2662D87EEC99}.Release|Any CPU.ActiveCfg = Release|Any CPU
		{DD033782-86BF-4F37-8607-2662D87EEC99}.Release|Any CPU.Build.0 = Release|Any CPU
	EndGlobalSection
	GlobalSection(SolutionProperties) = preSolution
		HideSolutionNode = FALSE
	EndGlobalSection
	GlobalSection(ExtensibilityGlobals) = postSolution
		SolutionGuid = {85DACA5A-D758-4286-BB0D-EA6AFFD56FBD}
	EndGlobalSection
EndGlobal
