
Microsoft Visual Studio Solution File, Format Version 12.00
# Visual Studio Version 17
VisualStudioVersion = 17.9.34714.143
MinimumVisualStudioVersion = 10.0.40219.1
Project("{FAE04EC0-301F-11D3-BF4B-00C04F79EFBC}") = "Alonzo_Long Quiz", "Alonzo_Long Quiz\Alonzo_Long Quiz.csproj", "{DB203D79-FBBF-45B0-95EB-BA09C3BBE871}"
EndProject
Project("{FAE04EC0-301F-11D3-BF4B-00C04F79EFBC}") = "DataHelper", "DataHelper\DataHelper.csproj", "{39115CBE-A511-442F-B3FB-B85118DE1A28}"
EndProject
Global
	GlobalSection(SolutionConfigurationPlatforms) = preSolution
		Debug|Any CPU = Debug|Any CPU
		Release|Any CPU = Release|Any CPU
	EndGlobalSection
	GlobalSection(ProjectConfigurationPlatforms) = postSolution
		{DB203D79-FBBF-45B0-95EB-BA09C3BBE871}.Debug|Any CPU.ActiveCfg = Debug|Any CPU
		{DB203D79-FBBF-45B0-95EB-BA09C3BBE871}.Debug|Any CPU.Build.0 = Debug|Any CPU
		{DB203D79-FBBF-45B0-95EB-BA09C3BBE871}.Release|Any CPU.ActiveCfg = Release|Any CPU
		{DB203D79-FBBF-45B0-95EB-BA09C3BBE871}.Release|Any CPU.Build.0 = Release|Any CPU
		{39115CBE-A511-442F-B3FB-B85118DE1A28}.Debug|Any CPU.ActiveCfg = Debug|Any CPU
		{39115CBE-A511-442F-B3FB-B85118DE1A28}.Debug|Any CPU.Build.0 = Debug|Any CPU
		{39115CBE-A511-442F-B3FB-B85118DE1A28}.Release|Any CPU.ActiveCfg = Release|Any CPU
		{39115CBE-A511-442F-B3FB-B85118DE1A28}.Release|Any CPU.Build.0 = Release|Any CPU
	EndGlobalSection
	GlobalSection(SolutionProperties) = preSolution
		HideSolutionNode = FALSE
	EndGlobalSection
	GlobalSection(ExtensibilityGlobals) = postSolution
		SolutionGuid = {0A601342-2227-4B87-BF62-F411909A7F0A}
	EndGlobalSection
EndGlobal
